
Microsoft Visual Studio Solution File, Format Version 12.00
# Visual Studio Version 17
VisualStudioVersion = 17.14.36401.2 d17.14
MinimumVisualStudioVersion = 10.0.40219.1
Project("{FAE04EC0-301F-11D3-BF4B-00C04F79EFBC}") = "Tutorid2_3", "Tutorid2_3\Tutorid2_3.csproj", "{AABCF8E3-EE33-4955-B22D-8BD28D0C0EFC}"
EndProject
Global
	GlobalSection(SolutionConfigurationPlatforms) = preSolution
		Debug|Any CPU = Debug|Any CPU
		Release|Any CPU = Release|Any CPU
	EndGlobalSection
	GlobalSection(ProjectConfigurationPlatforms) = postSolution
		{AABCF8E3-EE33-4955-B22D-8BD28D0C0EFC}.Debug|Any CPU.ActiveCfg = Debug|Any CPU
		{AABCF8E3-EE33-4955-B22D-8BD28D0C0EFC}.Debug|Any CPU.Build.0 = Debug|Any CPU
		{AABCF8E3-EE33-4955-B22D-8BD28D0C0EFC}.Release|Any CPU.ActiveCfg = Release|Any CPU
		{AABCF8E3-EE33-4955-B22D-8BD28D0C0EFC}.Release|Any CPU.Build.0 = Release|Any CPU
	EndGlobalSection
	GlobalSection(SolutionProperties) = preSolution
		HideSolutionNode = FALSE
	EndGlobalSection
	GlobalSection(ExtensibilityGlobals) = postSolution
		SolutionGuid = {6532B4E3-7003-412E-8659-20D2DBE6F2EC}
	EndGlobalSection
EndGlobal
