
Microsoft Visual Studio Solution File, Format Version 12.00
# Visual Studio Version 17
VisualStudioVersion = 17.14.36401.2 d17.14
MinimumVisualStudioVersion = 10.0.40219.1
Project("{FAE04EC0-301F-11D3-BF4B-00C04F79EFBC}") = "LoginDemo", "LoginDemo\LoginDemo.csproj", "{D1153956-5561-4370-B6B9-C419F0DB3ED1}"
EndProject
Global
	GlobalSection(SolutionConfigurationPlatforms) = preSolution
		Debug|Any CPU = Debug|Any CPU
		Release|Any CPU = Release|Any CPU
	EndGlobalSection
	GlobalSection(ProjectConfigurationPlatforms) = postSolution
		{D1153956-5561-4370-B6B9-C419F0DB3ED1}.Debug|Any CPU.ActiveCfg = Debug|Any CPU
		{D1153956-5561-4370-B6B9-C419F0DB3ED1}.Debug|Any CPU.Build.0 = Debug|Any CPU
		{D1153956-5561-4370-B6B9-C419F0DB3ED1}.Release|Any CPU.ActiveCfg = Release|Any CPU
		{D1153956-5561-4370-B6B9-C419F0DB3ED1}.Release|Any CPU.Build.0 = Release|Any CPU
	EndGlobalSection
	GlobalSection(SolutionProperties) = preSolution
		HideSolutionNode = FALSE
	EndGlobalSection
	GlobalSection(ExtensibilityGlobals) = postSolution
		SolutionGuid = {32689978-53DB-4F5B-BCC7-A3C969EFB3CD}
	EndGlobalSection
EndGlobal
