
Microsoft Visual Studio Solution File, Format Version 12.00
# Visual Studio Version 17
VisualStudioVersion = 17.14.36401.2 d17.14
MinimumVisualStudioVersion = 10.0.40219.1
Project("{FAE04EC0-301F-11D3-BF4B-00C04F79EFBC}") = "Tutorid_2_5", "Tutorid_2_5\Tutorid_2_5.csproj", "{43C70BA6-BC71-4A92-83DA-139893A3DB76}"
EndProject
Global
	GlobalSection(SolutionConfigurationPlatforms) = preSolution
		Debug|Any CPU = Debug|Any CPU
		Release|Any CPU = Release|Any CPU
	EndGlobalSection
	GlobalSection(ProjectConfigurationPlatforms) = postSolution
		{43C70BA6-BC71-4A92-83DA-139893A3DB76}.Debug|Any CPU.ActiveCfg = Debug|Any CPU
		{43C70BA6-BC71-4A92-83DA-139893A3DB76}.Debug|Any CPU.Build.0 = Debug|Any CPU
		{43C70BA6-BC71-4A92-83DA-139893A3DB76}.Release|Any CPU.ActiveCfg = Release|Any CPU
		{43C70BA6-BC71-4A92-83DA-139893A3DB76}.Release|Any CPU.Build.0 = Release|Any CPU
	EndGlobalSection
	GlobalSection(SolutionProperties) = preSolution
		HideSolutionNode = FALSE
	EndGlobalSection
	GlobalSection(ExtensibilityGlobals) = postSolution
		SolutionGuid = {C648378A-512B-4796-A36B-48911F79575E}
	EndGlobalSection
EndGlobal
