
Microsoft Visual Studio Solution File, Format Version 12.00
# Visual Studio Version 17
VisualStudioVersion = 17.14.36401.2 d17.14
MinimumVisualStudioVersion = 10.0.40219.1
Project("{FAE04EC0-301F-11D3-BF4B-00C04F79EFBC}") = "HelloWorld", "HelloWorld\HelloWorld.csproj", "{8FC30972-09F0-4CC8-9FC2-3D24C29F1A32}"
EndProject
Global
	GlobalSection(SolutionConfigurationPlatforms) = preSolution
		Debug|Any CPU = Debug|Any CPU
		Release|Any CPU = Release|Any CPU
	EndGlobalSection
	GlobalSection(ProjectConfigurationPlatforms) = postSolution
		{8FC30972-09F0-4CC8-9FC2-3D24C29F1A32}.Debug|Any CPU.ActiveCfg = Debug|Any CPU
		{8FC30972-09F0-4CC8-9FC2-3D24C29F1A32}.Debug|Any CPU.Build.0 = Debug|Any CPU
		{8FC30972-09F0-4CC8-9FC2-3D24C29F1A32}.Release|Any CPU.ActiveCfg = Release|Any CPU
		{8FC30972-09F0-4CC8-9FC2-3D24C29F1A32}.Release|Any CPU.Build.0 = Release|Any CPU
	EndGlobalSection
	GlobalSection(SolutionProperties) = preSolution
		HideSolutionNode = FALSE
	EndGlobalSection
	GlobalSection(ExtensibilityGlobals) = postSolution
		SolutionGuid = {C7143B4E-F2E5-46BF-8793-0E41C49AF7C9}
	EndGlobalSection
EndGlobal
